
Microsoft Visual Studio Solution File, Format Version 12.00
# Visual Studio 15
VisualStudioVersion = 15.0.28307.421
MinimumVisualStudioVersion = 10.0.40219.1
Project("{FAE04EC0-301F-11D3-BF4B-00C04F79EFBC}") = "Gov.LightingSystem.Feedback", "Gov.LightingSystem.Feedback\Gov.LightingSystem.Feedback.csproj", "{2E803ECA-C1A9-4BA2-9EE3-F96AE2BA3CC3}"
EndProject
Project("{FAE04EC0-301F-11D3-BF4B-00C04F79EFBC}") = "LightingSystemFeedbackTest", "LightingSystemFeedbackTest\LightingSystemFeedbackTest.csproj", "{A2D393A1-1253-47CE-9331-B750C91B1374}"
EndProject
Global
	GlobalSection(SolutionConfigurationPlatforms) = preSolution
		Debug|Any CPU = Debug|Any CPU
		Release|Any CPU = Release|Any CPU
	EndGlobalSection
	GlobalSection(ProjectConfigurationPlatforms) = postSolution
		{2E803ECA-C1A9-4BA2-9EE3-F96AE2BA3CC3}.Debug|Any CPU.ActiveCfg = Debug|Any CPU
		{2E803ECA-C1A9-4BA2-9EE3-F96AE2BA3CC3}.Debug|Any CPU.Build.0 = Debug|Any CPU
		{2E803ECA-C1A9-4BA2-9EE3-F96AE2BA3CC3}.Release|Any CPU.ActiveCfg = Release|Any CPU
		{2E803ECA-C1A9-4BA2-9EE3-F96AE2BA3CC3}.Release|Any CPU.Build.0 = Release|Any CPU
		{A2D393A1-1253-47CE-9331-B750C91B1374}.Debug|Any CPU.ActiveCfg = Debug|Any CPU
		{A2D393A1-1253-47CE-9331-B750C91B1374}.Debug|Any CPU.Build.0 = Debug|Any CPU
		{A2D393A1-1253-47CE-9331-B750C91B1374}.Release|Any CPU.ActiveCfg = Release|Any CPU
		{A2D393A1-1253-47CE-9331-B750C91B1374}.Release|Any CPU.Build.0 = Release|Any CPU
	EndGlobalSection
	GlobalSection(SolutionProperties) = preSolution
		HideSolutionNode = FALSE
	EndGlobalSection
	GlobalSection(ExtensibilityGlobals) = postSolution
		SolutionGuid = {2CC66E45-8228-4E50-9502-91306B37515C}
	EndGlobalSection
EndGlobal
